
Microsoft Visual Studio Solution File, Format Version 12.00
# Visual Studio Version 17
VisualStudioVersion = 17.14.36603.0
MinimumVisualStudioVersion = 10.0.40219.1
Project("{2150E333-8FDC-42A3-9474-1A3956D46DE8}") = "Task0", "Task0", "{02EA681E-C7D8-13C7-8484-4AC65E1B71E8}"
EndProject
Project("{FAE04EC0-301F-11D3-BF4B-00C04F79EFBC}") = "Tyuiu.BukinTK.Sprint4.Task0.V22", "Tyuiu.BukinTK.Sprint4.Task0.V22\Tyuiu.BukinTK.Sprint4.Task0.V22.csproj", "{4AC8CBC0-9A33-4D69-BC81-53FE831E73C0}"
EndProject
Project("{FAE04EC0-301F-11D3-BF4B-00C04F79EFBC}") = "Tyuiu.BukinTK.Sprint4.Task0.V22.Lib", "Tyuiu.BukinTK.Sprint4.Task0.V22.Lib\Tyuiu.BukinTK.Sprint4.Task0.V22.Lib.csproj", "{60DEDFB7-7065-4AA8-BA71-F676DC9C5EC2}"
EndProject
Project("{FAE04EC0-301F-11D3-BF4B-00C04F79EFBC}") = "Tyuiu.BukinTK.Sprint4.Task0.V22.Test", "Tyuiu.BukinTK.Sprint4.Task0.V22.Test\Tyuiu.BukinTK.Sprint4.Task0.V22.Test.csproj", "{B06D8AD1-86FA-45C3-AE22-91EC01D9CC42}"
EndProject
Project("{2150E333-8FDC-42A3-9474-1A3956D46DE8}") = "Task1", "Task1", "{1F9B06CD-BC01-4E6F-93BC-4D17EE474E8B}"
EndProject
Project("{FAE04EC0-301F-11D3-BF4B-00C04F79EFBC}") = "Tyuiu.BukinTK.Sprint4.Task1.V23", "Tyuiu.BukinTK.Sprint4.Task1.V23\Tyuiu.BukinTK.Sprint4.Task1.V23.csproj", "{0768080B-6D22-48AD-B729-DEBC193B7D83}"
EndProject
Project("{FAE04EC0-301F-11D3-BF4B-00C04F79EFBC}") = "Tyuiu.BukinTK.Sprint4.Task1.V23.Lib", "Tyuiu.BukinTK.Sprint4.Task1.V23.Lib\Tyuiu.BukinTK.Sprint4.Task1.V23.Lib.csproj", "{1699624A-96FC-4A32-B38F-D63D385A4BDE}"
EndProject
Project("{FAE04EC0-301F-11D3-BF4B-00C04F79EFBC}") = "Tyuiu.BukinTK.Sprint4.Task1.V23.Test", "Tyuiu.BukinTK.Sprint4.Task1.V23.Test\Tyuiu.BukinTK.Sprint4.Task1.V23.Test.csproj", "{70A93719-5775-4F7B-896B-27377959A2FE}"
EndProject
Project("{2150E333-8FDC-42A3-9474-1A3956D46DE8}") = "Task2", "Task2", "{73E3EDA2-0001-438B-85A8-30731B4DE8A8}"
EndProject
Project("{FAE04EC0-301F-11D3-BF4B-00C04F79EFBC}") = "Tyuiu.BukinTK.Sprint4.Task2.V6", "Tyuiu.BukinTK.Sprint4.Task2.V6\Tyuiu.BukinTK.Sprint4.Task2.V6.csproj", "{403D554D-644A-4113-84B4-FE5DDCF5B1B3}"
EndProject
Project("{FAE04EC0-301F-11D3-BF4B-00C04F79EFBC}") = "Tyuiu.BukinTK.Sprint4.Task2.V6.Lib", "Tyuiu.BukinTK.Sprint4.Task2.V6.Lib\Tyuiu.BukinTK.Sprint4.Task2.V6.Lib.csproj", "{711F6F3E-5AA5-482B-8847-35858C72A45A}"
EndProject
Project("{FAE04EC0-301F-11D3-BF4B-00C04F79EFBC}") = "Tyuiu.BukinTK.Sprint4.Task2.V6.Test", "Tyuiu.BukinTK.Sprint4.Task2.V6.Test\Tyuiu.BukinTK.Sprint4.Task2.V6.Test.csproj", "{6936A6CF-7C2C-4730-877C-AD5D1D67D71E}"
EndProject
Project("{2150E333-8FDC-42A3-9474-1A3956D46DE8}") = "Task3", "Task3", "{4D69C987-5431-4DE1-B502-C407061B32CF}"
EndProject
Project("{FAE04EC0-301F-11D3-BF4B-00C04F79EFBC}") = "Tyuiu.BukinTK.Sprint4.Task3.V15", "Tyuiu.BukinTK.Sprint4.Task3.V15\Tyuiu.BukinTK.Sprint4.Task3.V15.csproj", "{706E46B7-E4E0-44C5-9FA1-A69A8A4EA6CF}"
EndProject
Project("{FAE04EC0-301F-11D3-BF4B-00C04F79EFBC}") = "Tyuiu.BukinTK.Sprint4.Task3.V15.Lib", "Tyuiu.BukinTK.Sprint4.Task3.V15.Lib\Tyuiu.BukinTK.Sprint4.Task3.V15.Lib.csproj", "{DD3A40D2-6F13-47D2-8BD7-DA299F27158C}"
EndProject
Project("{FAE04EC0-301F-11D3-BF4B-00C04F79EFBC}") = "Tyuiu.BukinTK.Sprint4.Task3.V15.Test", "Tyuiu.BukinTK.Sprint4.Task3.V15.Test\Tyuiu.BukinTK.Sprint4.Task3.V15.Test.csproj", "{5E3B68F7-2D6C-424D-82DD-486ADDD0229A}"
EndProject
Project("{2150E333-8FDC-42A3-9474-1A3956D46DE8}") = "Task4", "Task4", "{2F437A79-F067-4CA8-8555-9898487028DB}"
EndProject
Project("{FAE04EC0-301F-11D3-BF4B-00C04F79EFBC}") = "Tyuiu.BukinTK.Sprint4.Task4.V11", "Tyuiu.BukinTK.Sprint4.Task4.V11\Tyuiu.BukinTK.Sprint4.Task4.V11.csproj", "{426A3A94-FA48-48A8-9CA4-6C9D56E12086}"
EndProject
Project("{FAE04EC0-301F-11D3-BF4B-00C04F79EFBC}") = "Tyuiu.BukinTK.Sprint4.Task4.V11.Lib", "Tyuiu.BukinTK.Sprint4.Task4.V11.Lib\Tyuiu.BukinTK.Sprint4.Task4.V11.Lib.csproj", "{E35EE52B-6E5A-4589-B42B-FE6E211498F1}"
EndProject
Project("{FAE04EC0-301F-11D3-BF4B-00C04F79EFBC}") = "Tyuiu.BukinTK.Sprint4.Task4.V11.Test", "Tyuiu.BukinTK.Sprint4.Task4.V11.Test\Tyuiu.BukinTK.Sprint4.Task4.V11.Test.csproj", "{44947BF2-1250-4DED-BB7F-D73C3F38C4F6}"
EndProject
Project("{2150E333-8FDC-42A3-9474-1A3956D46DE8}") = "Task5", "Task5", "{3DC95E4E-6C56-40CA-9751-7556B7FCB89E}"
EndProject
Project("{FAE04EC0-301F-11D3-BF4B-00C04F79EFBC}") = "Tyuiu.BukinTK.Sprint4.Task5.V28", "Tyuiu.BukinTK.Sprint4.Task5.V28\Tyuiu.BukinTK.Sprint4.Task5.V28.csproj", "{C9DADFB4-1A27-48A2-A3BA-F8F5DFA61091}"
EndProject
Project("{FAE04EC0-301F-11D3-BF4B-00C04F79EFBC}") = "Tyuiu.BukinTK.Sprint4.Task5.V28.Lib", "Tyuiu.BukinTK.Sprint4.Task5.V28.Lib\Tyuiu.BukinTK.Sprint4.Task5.V28.Lib.csproj", "{FB9D6E80-B465-40A7-8521-F9A6233D9DBB}"
EndProject
Project("{FAE04EC0-301F-11D3-BF4B-00C04F79EFBC}") = "Tyuiu.BukinTK.Sprint4.Task5.V28.Test", "Tyuiu.BukinTK.Sprint4.Task5.V28.Test\Tyuiu.BukinTK.Sprint4.Task5.V28.Test.csproj", "{C2BE4C84-6659-48D3-BF69-DF58D748BA53}"
EndProject
Project("{2150E333-8FDC-42A3-9474-1A3956D46DE8}") = "Task6", "Task6", "{761716D8-A13B-40CB-85BA-EEDF8D3088FA}"
EndProject
Project("{FAE04EC0-301F-11D3-BF4B-00C04F79EFBC}") = "Tyuiu.BukinTK.Sprint4.Task6.V3", "Tyuiu.BukinTK.Sprint4.Task6.V3\Tyuiu.BukinTK.Sprint4.Task6.V3.csproj", "{ECFBFC4F-F47A-4D39-8884-0F0D25044E02}"
EndProject
Project("{FAE04EC0-301F-11D3-BF4B-00C04F79EFBC}") = "Tyuiu.BukinTK.Sprint4.Task6.V3.Lib", "Tyuiu.BukinTK.Sprint4.Task6.V3.Lib\Tyuiu.BukinTK.Sprint4.Task6.V3.Lib.csproj", "{14E325A5-6E70-4DBB-B798-9B69D155DC4A}"
EndProject
Project("{FAE04EC0-301F-11D3-BF4B-00C04F79EFBC}") = "Tyuiu.BukinTK.Sprint4.Task6.V3.Test", "Tyuiu.BukinTK.Sprint4.Task6.V3.Test\Tyuiu.BukinTK.Sprint4.Task6.V3.Test.csproj", "{158D99DE-19F0-464B-B6E4-D9F5C1866F3E}"
EndProject
Project("{2150E333-8FDC-42A3-9474-1A3956D46DE8}") = "Task7", "Task7", "{F2D66E6E-9256-4D77-BFA0-0D454AD5DBB8}"
EndProject
Project("{FAE04EC0-301F-11D3-BF4B-00C04F79EFBC}") = "Tyuiu.BukinTK.Sprint4.Task7.V4", "Tyuiu.BukinTK.Sprint4.Task7.V4\Tyuiu.BukinTK.Sprint4.Task7.V4.csproj", "{87866C20-7425-4761-981A-817FB50697A1}"
EndProject
Project("{FAE04EC0-301F-11D3-BF4B-00C04F79EFBC}") = "Tyuiu.BukinTK.Sprint4.Task7.V4.Lib", "Tyuiu.BukinTK.Sprint4.Task7.V4.Lib\Tyuiu.BukinTK.Sprint4.Task7.V4.Lib.csproj", "{DEFF3098-3C87-4905-9F85-0C561D8B0379}"
EndProject
Project("{FAE04EC0-301F-11D3-BF4B-00C04F79EFBC}") = "Tyuiu.BukinTK.Sprint4.Task7.V4.Test", "Tyuiu.BukinTK.Sprint4.Task7.V4.Test\Tyuiu.BukinTK.Sprint4.Task7.V4.Test.csproj", "{441C41A1-206B-49BC-8242-FAB809A1710D}"
EndProject
Global
	GlobalSection(SolutionConfigurationPlatforms) = preSolution
		Debug|Any CPU = Debug|Any CPU
		Release|Any CPU = Release|Any CPU
	EndGlobalSection
	GlobalSection(ProjectConfigurationPlatforms) = postSolution
		{4AC8CBC0-9A33-4D69-BC81-53FE831E73C0}.Debug|Any CPU.ActiveCfg = Debug|Any CPU
		{4AC8CBC0-9A33-4D69-BC81-53FE831E73C0}.Debug|Any CPU.Build.0 = Debug|Any CPU
		{4AC8CBC0-9A33-4D69-BC81-53FE831E73C0}.Release|Any CPU.ActiveCfg = Release|Any CPU
		{4AC8CBC0-9A33-4D69-BC81-53FE831E73C0}.Release|Any CPU.Build.0 = Release|Any CPU
		{60DEDFB7-7065-4AA8-BA71-F676DC9C5EC2}.Debug|Any CPU.ActiveCfg = Debug|Any CPU
		{60DEDFB7-7065-4AA8-BA71-F676DC9C5EC2}.Debug|Any CPU.Build.0 = Debug|Any CPU
		{60DEDFB7-7065-4AA8-BA71-F676DC9C5EC2}.Release|Any CPU.ActiveCfg = Release|Any CPU
		{60DEDFB7-7065-4AA8-BA71-F676DC9C5EC2}.Release|Any CPU.Build.0 = Release|Any CPU
		{B06D8AD1-86FA-45C3-AE22-91EC01D9CC42}.Debug|Any CPU.ActiveCfg = Debug|Any CPU
		{B06D8AD1-86FA-45C3-AE22-91EC01D9CC42}.Debug|Any CPU.Build.0 = Debug|Any CPU
		{B06D8AD1-86FA-45C3-AE22-91EC01D9CC42}.Release|Any CPU.ActiveCfg = Release|Any CPU
		{B06D8AD1-86FA-45C3-AE22-91EC01D9CC42}.Release|Any CPU.Build.0 = Release|Any CPU
		{0768080B-6D22-48AD-B729-DEBC193B7D83}.Debug|Any CPU.ActiveCfg = Debug|Any CPU
		{0768080B-6D22-48AD-B729-DEBC193B7D83}.Debug|Any CPU.Build.0 = Debug|Any CPU
		{0768080B-6D22-48AD-B729-DEBC193B7D83}.Release|Any CPU.ActiveCfg = Release|Any CPU
		{0768080B-6D22-48AD-B729-DEBC193B7D83}.Release|Any CPU.Build.0 = Release|Any CPU
		{1699624A-96FC-4A32-B38F-D63D385A4BDE}.Debug|Any CPU.ActiveCfg = Debug|Any CPU
		{1699624A-96FC-4A32-B38F-D63D385A4BDE}.Debug|Any CPU.Build.0 = Debug|Any CPU
		{1699624A-96FC-4A32-B38F-D63D385A4BDE}.Release|Any CPU.ActiveCfg = Release|Any CPU
		{1699624A-96FC-4A32-B38F-D63D385A4BDE}.Release|Any CPU.Build.0 = Release|Any CPU
		{70A93719-5775-4F7B-896B-27377959A2FE}.Debug|Any CPU.ActiveCfg = Debug|Any CPU
		{70A93719-5775-4F7B-896B-27377959A2FE}.Debug|Any CPU.Build.0 = Debug|Any CPU
		{70A93719-5775-4F7B-896B-27377959A2FE}.Release|Any CPU.ActiveCfg = Release|Any CPU
		{70A93719-5775-4F7B-896B-27377959A2FE}.Release|Any CPU.Build.0 = Release|Any CPU
		{403D554D-644A-4113-84B4-FE5DDCF5B1B3}.Debug|Any CPU.ActiveCfg = Debug|Any CPU
		{403D554D-644A-4113-84B4-FE5DDCF5B1B3}.Debug|Any CPU.Build.0 = Debug|Any CPU
		{403D554D-644A-4113-84B4-FE5DDCF5B1B3}.Release|Any CPU.ActiveCfg = Release|Any CPU
		{403D554D-644A-4113-84B4-FE5DDCF5B1B3}.Release|Any CPU.Build.0 = Release|Any CPU
		{711F6F3E-5AA5-482B-8847-35858C72A45A}.Debug|Any CPU.ActiveCfg = Debug|Any CPU
		{711F6F3E-5AA5-482B-8847-35858C72A45A}.Debug|Any CPU.Build.0 = Debug|Any CPU
		{711F6F3E-5AA5-482B-8847-35858C72A45A}.Release|Any CPU.ActiveCfg = Release|Any CPU
		{711F6F3E-5AA5-482B-8847-35858C72A45A}.Release|Any CPU.Build.0 = Release|Any CPU
		{6936A6CF-7C2C-4730-877C-AD5D1D67D71E}.Debug|Any CPU.ActiveCfg = Debug|Any CPU
		{6936A6CF-7C2C-4730-877C-AD5D1D67D71E}.Debug|Any CPU.Build.0 = Debug|Any CPU
		{6936A6CF-7C2C-4730-877C-AD5D1D67D71E}.Release|Any CPU.ActiveCfg = Release|Any CPU
		{6936A6CF-7C2C-4730-877C-AD5D1D67D71E}.Release|Any CPU.Build.0 = Release|Any CPU
		{706E46B7-E4E0-44C5-9FA1-A69A8A4EA6CF}.Debug|Any CPU.ActiveCfg = Debug|Any CPU
		{706E46B7-E4E0-44C5-9FA1-A69A8A4EA6CF}.Debug|Any CPU.Build.0 = Debug|Any CPU
		{706E46B7-E4E0-44C5-9FA1-A69A8A4EA6CF}.Release|Any CPU.ActiveCfg = Release|Any CPU
		{706E46B7-E4E0-44C5-9FA1-A69A8A4EA6CF}.Release|Any CPU.Build.0 = Release|Any CPU
		{DD3A40D2-6F13-47D2-8BD7-DA299F27158C}.Debug|Any CPU.ActiveCfg = Debug|Any CPU
		{DD3A40D2-6F13-47D2-8BD7-DA299F27158C}.Debug|Any CPU.Build.0 = Debug|Any CPU
		{DD3A40D2-6F13-47D2-8BD7-DA299F27158C}.Release|Any CPU.ActiveCfg = Release|Any CPU
		{DD3A40D2-6F13-47D2-8BD7-DA299F27158C}.Release|Any CPU.Build.0 = Release|Any CPU
		{5E3B68F7-2D6C-424D-82DD-486ADDD0229A}.Debug|Any CPU.ActiveCfg = Debug|Any CPU
		{5E3B68F7-2D6C-424D-82DD-486ADDD0229A}.Debug|Any CPU.Build.0 = Debug|Any CPU
		{5E3B68F7-2D6C-424D-82DD-486ADDD0229A}.Release|Any CPU.ActiveCfg = Release|Any CPU
		{5E3B68F7-2D6C-424D-82DD-486ADDD0229A}.Release|Any CPU.Build.0 = Release|Any CPU
		{426A3A94-FA48-48A8-9CA4-6C9D56E12086}.Debug|Any CPU.ActiveCfg = Debug|Any CPU
		{426A3A94-FA48-48A8-9CA4-6C9D56E12086}.Debug|Any CPU.Build.0 = Debug|Any CPU
		{426A3A94-FA48-48A8-9CA4-6C9D56E12086}.Release|Any CPU.ActiveCfg = Release|Any CPU
		{426A3A94-FA48-48A8-9CA4-6C9D56E12086}.Release|Any CPU.Build.0 = Release|Any CPU
		{E35EE52B-6E5A-4589-B42B-FE6E211498F1}.Debug|Any CPU.ActiveCfg = Debug|Any CPU
		{E35EE52B-6E5A-4589-B42B-FE6E211498F1}.Debug|Any CPU.Build.0 = Debug|Any CPU
		{E35EE52B-6E5A-4589-B42B-FE6E211498F1}.Release|Any CPU.ActiveCfg = Release|Any CPU
		{E35EE52B-6E5A-4589-B42B-FE6E211498F1}.Release|Any CPU.Build.0 = Release|Any CPU
		{44947BF2-1250-4DED-BB7F-D73C3F38C4F6}.Debug|Any CPU.ActiveCfg = Debug|Any CPU
		{44947BF2-1250-4DED-BB7F-D73C3F38C4F6}.Debug|Any CPU.Build.0 = Debug|Any CPU
		{44947BF2-1250-4DED-BB7F-D73C3F38C4F6}.Release|Any CPU.ActiveCfg = Release|Any CPU
		{44947BF2-1250-4DED-BB7F-D73C3F38C4F6}.Release|Any CPU.Build.0 = Release|Any CPU
		{C9DADFB4-1A27-48A2-A3BA-F8F5DFA61091}.Debug|Any CPU.ActiveCfg = Debug|Any CPU
		{C9DADFB4-1A27-48A2-A3BA-F8F5DFA61091}.Debug|Any CPU.Build.0 = Debug|Any CPU
		{C9DADFB4-1A27-48A2-A3BA-F8F5DFA61091}.Release|Any CPU.ActiveCfg = Release|Any CPU
		{C9DADFB4-1A27-48A2-A3BA-F8F5DFA61091}.Release|Any CPU.Build.0 = Release|Any CPU
		{FB9D6E80-B465-40A7-8521-F9A6233D9DBB}.Debug|Any CPU.ActiveCfg = Debug|Any CPU
		{FB9D6E80-B465-40A7-8521-F9A6233D9DBB}.Debug|Any CPU.Build.0 = Debug|Any CPU
		{FB9D6E80-B465-40A7-8521-F9A6233D9DBB}.Release|Any CPU.ActiveCfg = Release|Any CPU
		{FB9D6E80-B465-40A7-8521-F9A6233D9DBB}.Release|Any CPU.Build.0 = Release|Any CPU
		{C2BE4C84-6659-48D3-BF69-DF58D748BA53}.Debug|Any CPU.ActiveCfg = Debug|Any CPU
		{C2BE4C84-6659-48D3-BF69-DF58D748BA53}.Debug|Any CPU.Build.0 = Debug|Any CPU
		{C2BE4C84-6659-48D3-BF69-DF58D748BA53}.Release|Any CPU.ActiveCfg = Release|Any CPU
		{C2BE4C84-6659-48D3-BF69-DF58D748BA53}.Release|Any CPU.Build.0 = Release|Any CPU
		{ECFBFC4F-F47A-4D39-8884-0F0D25044E02}.Debug|Any CPU.ActiveCfg = Debug|Any CPU
		{ECFBFC4F-F47A-4D39-8884-0F0D25044E02}.Debug|Any CPU.Build.0 = Debug|Any CPU
		{ECFBFC4F-F47A-4D39-8884-0F0D25044E02}.Release|Any CPU.ActiveCfg = Release|Any CPU
		{ECFBFC4F-F47A-4D39-8884-0F0D25044E02}.Release|Any CPU.Build.0 = Release|Any CPU
		{14E325A5-6E70-4DBB-B798-9B69D155DC4A}.Debug|Any CPU.ActiveCfg = Debug|Any CPU
		{14E325A5-6E70-4DBB-B798-9B69D155DC4A}.Debug|Any CPU.Build.0 = Debug|Any CPU
		{14E325A5-6E70-4DBB-B798-9B69D155DC4A}.Release|Any CPU.ActiveCfg = Release|Any CPU
		{14E325A5-6E70-4DBB-B798-9B69D155DC4A}.Release|Any CPU.Build.0 = Release|Any CPU
		{158D99DE-19F0-464B-B6E4-D9F5C1866F3E}.Debug|Any CPU.ActiveCfg = Debug|Any CPU
		{158D99DE-19F0-464B-B6E4-D9F5C1866F3E}.Debug|Any CPU.Build.0 = Debug|Any CPU
		{158D99DE-19F0-464B-B6E4-D9F5C1866F3E}.Release|Any CPU.ActiveCfg = Release|Any CPU
		{158D99DE-19F0-464B-B6E4-D9F5C1866F3E}.Release|Any CPU.Build.0 = Release|Any CPU
		{87866C20-7425-4761-981A-817FB50697A1}.Debug|Any CPU.ActiveCfg = Debug|Any CPU
		{87866C20-7425-4761-981A-817FB50697A1}.Debug|Any CPU.Build.0 = Debug|Any CPU
		{87866C20-7425-4761-981A-817FB50697A1}.Release|Any CPU.ActiveCfg = Release|Any CPU
		{87866C20-7425-4761-981A-817FB50697A1}.Release|Any CPU.Build.0 = Release|Any CPU
		{DEFF3098-3C87-4905-9F85-0C561D8B0379}.Debug|Any CPU.ActiveCfg = Debug|Any CPU
		{DEFF3098-3C87-4905-9F85-0C561D8B0379}.Debug|Any CPU.Build.0 = Debug|Any CPU
		{DEFF3098-3C87-4905-9F85-0C561D8B0379}.Release|Any CPU.ActiveCfg = Release|Any CPU
		{DEFF3098-3C87-4905-9F85-0C561D8B0379}.Release|Any CPU.Build.0 = Release|Any CPU
		{441C41A1-206B-49BC-8242-FAB809A1710D}.Debug|Any CPU.ActiveCfg = Debug|Any CPU
		{441C41A1-206B-49BC-8242-FAB809A1710D}.Debug|Any CPU.Build.0 = Debug|Any CPU
		{441C41A1-206B-49BC-8242-FAB809A1710D}.Release|Any CPU.ActiveCfg = Release|Any CPU
		{441C41A1-206B-49BC-8242-FAB809A1710D}.Release|Any CPU.Build.0 = Release|Any CPU
	EndGlobalSection
	GlobalSection(SolutionProperties) = preSolution
		HideSolutionNode = FALSE
	EndGlobalSection
	GlobalSection(NestedProjects) = preSolution
		{4AC8CBC0-9A33-4D69-BC81-53FE831E73C0} = {02EA681E-C7D8-13C7-8484-4AC65E1B71E8}
		{60DEDFB7-7065-4AA8-BA71-F676DC9C5EC2} = {02EA681E-C7D8-13C7-8484-4AC65E1B71E8}
		{B06D8AD1-86FA-45C3-AE22-91EC01D9CC42} = {02EA681E-C7D8-13C7-8484-4AC65E1B71E8}
		{0768080B-6D22-48AD-B729-DEBC193B7D83} = {1F9B06CD-BC01-4E6F-93BC-4D17EE474E8B}
		{1699624A-96FC-4A32-B38F-D63D385A4BDE} = {1F9B06CD-BC01-4E6F-93BC-4D17EE474E8B}
		{70A93719-5775-4F7B-896B-27377959A2FE} = {1F9B06CD-BC01-4E6F-93BC-4D17EE474E8B}
		{403D554D-644A-4113-84B4-FE5DDCF5B1B3} = {73E3EDA2-0001-438B-85A8-30731B4DE8A8}
		{711F6F3E-5AA5-482B-8847-35858C72A45A} = {73E3EDA2-0001-438B-85A8-30731B4DE8A8}
		{6936A6CF-7C2C-4730-877C-AD5D1D67D71E} = {73E3EDA2-0001-438B-85A8-30731B4DE8A8}
		{706E46B7-E4E0-44C5-9FA1-A69A8A4EA6CF} = {4D69C987-5431-4DE1-B502-C407061B32CF}
		{DD3A40D2-6F13-47D2-8BD7-DA299F27158C} = {4D69C987-5431-4DE1-B502-C407061B32CF}
		{5E3B68F7-2D6C-424D-82DD-486ADDD0229A} = {4D69C987-5431-4DE1-B502-C407061B32CF}
		{426A3A94-FA48-48A8-9CA4-6C9D56E12086} = {2F437A79-F067-4CA8-8555-9898487028DB}
		{E35EE52B-6E5A-4589-B42B-FE6E211498F1} = {2F437A79-F067-4CA8-8555-9898487028DB}
		{44947BF2-1250-4DED-BB7F-D73C3F38C4F6} = {2F437A79-F067-4CA8-8555-9898487028DB}
		{C9DADFB4-1A27-48A2-A3BA-F8F5DFA61091} = {3DC95E4E-6C56-40CA-9751-7556B7FCB89E}
		{FB9D6E80-B465-40A7-8521-F9A6233D9DBB} = {3DC95E4E-6C56-40CA-9751-7556B7FCB89E}
		{C2BE4C84-6659-48D3-BF69-DF58D748BA53} = {3DC95E4E-6C56-40CA-9751-7556B7FCB89E}
		{ECFBFC4F-F47A-4D39-8884-0F0D25044E02} = {761716D8-A13B-40CB-85BA-EEDF8D3088FA}
		{14E325A5-6E70-4DBB-B798-9B69D155DC4A} = {761716D8-A13B-40CB-85BA-EEDF8D3088FA}
		{158D99DE-19F0-464B-B6E4-D9F5C1866F3E} = {761716D8-A13B-40CB-85BA-EEDF8D3088FA}
		{87866C20-7425-4761-981A-817FB50697A1} = {F2D66E6E-9256-4D77-BFA0-0D454AD5DBB8}
		{DEFF3098-3C87-4905-9F85-0C561D8B0379} = {F2D66E6E-9256-4D77-BFA0-0D454AD5DBB8}
		{441C41A1-206B-49BC-8242-FAB809A1710D} = {F2D66E6E-9256-4D77-BFA0-0D454AD5DBB8}
	EndGlobalSection
	GlobalSection(ExtensibilityGlobals) = postSolution
		SolutionGuid = {AA52A7CF-5C2A-4651-A45E-8363E3838DFD}
	EndGlobalSection
EndGlobal
